
Microsoft Visual Studio Solution File, Format Version 12.00
# Visual Studio Version 17
VisualStudioVersion = 17.6.33829.357
MinimumVisualStudioVersion = 10.0.40219.1
Project("{FAE04EC0-301F-11D3-BF4B-00C04F79EFBC}") = "trabajo1", "trabajo1.csproj", "{B302AEC9-CF79-4D8D-813A-C04A74FA67C9}"
EndProject
Project("{FAE04EC0-301F-11D3-BF4B-00C04F79EFBC}") = "Capa_Datos", "..\Capa_Datos\Capa_Datos.csproj", "{19DC90A7-6E04-4126-90AF-7D2D337CB465}"
EndProject
Project("{FAE04EC0-301F-11D3-BF4B-00C04F79EFBC}") = "Capa_Entidad", "..\Capa_Entidad\Capa_Entidad.csproj", "{FA31D22C-D357-45B1-999C-3902A5ED20AB}"
EndProject
Global
	GlobalSection(SolutionConfigurationPlatforms) = preSolution
		Debug|Any CPU = Debug|Any CPU
		Release|Any CPU = Release|Any CPU
	EndGlobalSection
	GlobalSection(ProjectConfigurationPlatforms) = postSolution
		{B302AEC9-CF79-4D8D-813A-C04A74FA67C9}.Debug|Any CPU.ActiveCfg = Debug|Any CPU
		{B302AEC9-CF79-4D8D-813A-C04A74FA67C9}.Debug|Any CPU.Build.0 = Debug|Any CPU
		{B302AEC9-CF79-4D8D-813A-C04A74FA67C9}.Release|Any CPU.ActiveCfg = Release|Any CPU
		{B302AEC9-CF79-4D8D-813A-C04A74FA67C9}.Release|Any CPU.Build.0 = Release|Any CPU
		{19DC90A7-6E04-4126-90AF-7D2D337CB465}.Debug|Any CPU.ActiveCfg = Debug|Any CPU
		{19DC90A7-6E04-4126-90AF-7D2D337CB465}.Debug|Any CPU.Build.0 = Debug|Any CPU
		{19DC90A7-6E04-4126-90AF-7D2D337CB465}.Release|Any CPU.ActiveCfg = Release|Any CPU
		{19DC90A7-6E04-4126-90AF-7D2D337CB465}.Release|Any CPU.Build.0 = Release|Any CPU
		{FA31D22C-D357-45B1-999C-3902A5ED20AB}.Debug|Any CPU.ActiveCfg = Debug|Any CPU
		{FA31D22C-D357-45B1-999C-3902A5ED20AB}.Debug|Any CPU.Build.0 = Debug|Any CPU
		{FA31D22C-D357-45B1-999C-3902A5ED20AB}.Release|Any CPU.ActiveCfg = Release|Any CPU
		{FA31D22C-D357-45B1-999C-3902A5ED20AB}.Release|Any CPU.Build.0 = Release|Any CPU
	EndGlobalSection
	GlobalSection(SolutionProperties) = preSolution
		HideSolutionNode = FALSE
	EndGlobalSection
	GlobalSection(ExtensibilityGlobals) = postSolution
		SolutionGuid = {59BAFC12-597F-4855-9035-43381445042F}
	EndGlobalSection
EndGlobal
